<?xml version="1.0" encoding="utf-8"?>
<Project ToolsVersion="4.0" xmlns="http://schemas.microsoft.com/developer/msbuild/2003">
  <ItemGroup>
    <Filter Include="Source Files">
      <UniqueIdentifier>{4FC737F1-C7A5-4376-A066-2A32D752A2FF}</UniqueIdentifier>
      <Extensions>cpp;c;cc;cxx;c++;cppm;ixx;def;odl;idl;hpj;bat;asm;asmx</Extensions>
    </Filter>
    <Filter Include="Header Files">
      <UniqueIdentifier>{93995380-89BD-4b04-88EB-625FBE52EBFB}</UniqueIdentifier>
      <Extensions>h;hh;hpp;hxx;h++;hm;inl;inc;ipp;xsd</Extensions>
    </Filter>
    <Filter Include="Resource Files">
      <UniqueIdentifier>{67DA6AB6-F800-4c08-8B7A-83BB121AAD01}</UniqueIdentifier>
      <Extensions>rc;ico;cur;bmp;dlg;rc2;rct;bin;rgs;gif;jpg;jpeg;jpe;resx;tiff;tif;png;wav;mfcribbon-ms</Extensions>
    </Filter>
  </ItemGroup>
  <ItemGroup>
    <ClCompile Include="..\..\tensorflow\lite\c\common.c">
      <Filter>Source Files</Filter>
    </ClCompile>
    <ClCompile Include="..\..\tensorflow\lite\core\api\error_reporter.cc">
      <Filter>Source Files</Filter>
    </ClCompile>
    <ClCompile Include="..\..\tensorflow\lite\core\api\flatbuffer_conversions.cc">
      <Filter>Source Files</Filter>
    </ClCompile>
    <ClCompile Include="..\..\tensorflow\lite\core\api\op_resolver.cc">
      <Filter>Source Files</Filter>
    </ClCompile>
    <ClCompile Include="..\..\tensorflow\lite\core\api\tensor_utils.cc">
      <Filter>Source Files</Filter>
    </ClCompile>
    <ClCompile Include="..\..\tensorflow\lite\kernels\internal\quantization_util.cc">
      <Filter>Source Files</Filter>
    </ClCompile>
    <ClCompile Include="..\..\tensorflow\lite\kernels\kernel_util.cc">
      <Filter>Source Files</Filter>
    </ClCompile>
    <ClCompile Include="..\..\tensorflow\lite\micro\all_ops_resolver.cc">
      <Filter>Source Files</Filter>
    </ClCompile>
    <ClCompile Include="..\..\tensorflow\lite\micro\benchmarks\keyword_scrambled_model_data.cc">
      <Filter>Source Files</Filter>
    </ClCompile>
    <ClCompile Include="..\..\tensorflow\lite\micro\debug_log.cc">
      <Filter>Source Files</Filter>
    </ClCompile>
    <ClCompile Include="..\..\tensorflow\lite\micro\examples\hello_world\constants.cc">
      <Filter>Source Files</Filter>
    </ClCompile>
    <ClCompile Include="..\..\tensorflow\lite\micro\examples\hello_world\main.cc">
      <Filter>Source Files</Filter>
    </ClCompile>
    <ClCompile Include="..\..\tensorflow\lite\micro\examples\hello_world\main_functions.cc">
      <Filter>Source Files</Filter>
    </ClCompile>
    <ClCompile Include="..\..\tensorflow\lite\micro\examples\hello_world\model.cc">
      <Filter>Source Files</Filter>
    </ClCompile>
    <ClCompile Include="..\..\tensorflow\lite\micro\examples\hello_world\output_handler.cc">
      <Filter>Source Files</Filter>
    </ClCompile>
    <ClCompile Include="..\..\tensorflow\lite\micro\kernels\activations.cc">
      <Filter>Source Files</Filter>
    </ClCompile>
    <ClCompile Include="..\..\tensorflow\lite\micro\kernels\add.cc">
      <Filter>Source Files</Filter>
    </ClCompile>
    <ClCompile Include="..\..\tensorflow\lite\micro\kernels\arg_min_max.cc">
      <Filter>Source Files</Filter>
    </ClCompile>
    <ClCompile Include="..\..\tensorflow\lite\micro\kernels\ceil.cc">
      <Filter>Source Files</Filter>
    </ClCompile>
    <ClCompile Include="..\..\tensorflow\lite\micro\kernels\circular_buffer.cc">
      <Filter>Source Files</Filter>
    </ClCompile>
    <ClCompile Include="..\..\tensorflow\lite\micro\kernels\comparisons.cc">
      <Filter>Source Files</Filter>
    </ClCompile>
    <ClCompile Include="..\..\tensorflow\lite\micro\kernels\concatenation.cc">
      <Filter>Source Files</Filter>
    </ClCompile>
    <ClCompile Include="..\..\tensorflow\lite\micro\kernels\conv.cc">
      <Filter>Source Files</Filter>
    </ClCompile>
    <ClCompile Include="..\..\tensorflow\lite\micro\kernels\depthwise_conv.cc">
      <Filter>Source Files</Filter>
    </ClCompile>
    <ClCompile Include="..\..\tensorflow\lite\micro\kernels\dequantize.cc">
      <Filter>Source Files</Filter>
    </ClCompile>
    <ClCompile Include="..\..\tensorflow\lite\micro\kernels\elementwise.cc">
      <Filter>Source Files</Filter>
    </ClCompile>
    <ClCompile Include="..\..\tensorflow\lite\micro\kernels\ethosu.cc">
      <Filter>Source Files</Filter>
    </ClCompile>
    <ClCompile Include="..\..\tensorflow\lite\micro\kernels\floor.cc">
      <Filter>Source Files</Filter>
    </ClCompile>
    <ClCompile Include="..\..\tensorflow\lite\micro\kernels\fully_connected.cc">
      <Filter>Source Files</Filter>
    </ClCompile>
    <ClCompile Include="..\..\tensorflow\lite\micro\kernels\l2norm.cc">
      <Filter>Source Files</Filter>
    </ClCompile>
    <ClCompile Include="..\..\tensorflow\lite\micro\kernels\logical.cc">
      <Filter>Source Files</Filter>
    </ClCompile>
    <ClCompile Include="..\..\tensorflow\lite\micro\kernels\logistic.cc">
      <Filter>Source Files</Filter>
    </ClCompile>
    <ClCompile Include="..\..\tensorflow\lite\micro\kernels\maximum_minimum.cc">
      <Filter>Source Files</Filter>
    </ClCompile>
    <ClCompile Include="..\..\tensorflow\lite\micro\kernels\mul.cc">
      <Filter>Source Files</Filter>
    </ClCompile>
    <ClCompile Include="..\..\tensorflow\lite\micro\kernels\neg.cc">
      <Filter>Source Files</Filter>
    </ClCompile>
    <ClCompile Include="..\..\tensorflow\lite\micro\kernels\pack.cc">
      <Filter>Source Files</Filter>
    </ClCompile>
    <ClCompile Include="..\..\tensorflow\lite\micro\kernels\pad.cc">
      <Filter>Source Files</Filter>
    </ClCompile>
    <ClCompile Include="..\..\tensorflow\lite\micro\kernels\pooling.cc">
      <Filter>Source Files</Filter>
    </ClCompile>
    <ClCompile Include="..\..\tensorflow\lite\micro\kernels\prelu.cc">
      <Filter>Source Files</Filter>
    </ClCompile>
    <ClCompile Include="..\..\tensorflow\lite\micro\kernels\quantize.cc">
      <Filter>Source Files</Filter>
    </ClCompile>
    <ClCompile Include="..\..\tensorflow\lite\micro\kernels\reduce.cc">
      <Filter>Source Files</Filter>
    </ClCompile>
    <ClCompile Include="..\..\tensorflow\lite\micro\kernels\reshape.cc">
      <Filter>Source Files</Filter>
    </ClCompile>
    <ClCompile Include="..\..\tensorflow\lite\micro\kernels\resize_nearest_neighbor.cc">
      <Filter>Source Files</Filter>
    </ClCompile>
    <ClCompile Include="..\..\tensorflow\lite\micro\kernels\round.cc">
      <Filter>Source Files</Filter>
    </ClCompile>
    <ClCompile Include="..\..\tensorflow\lite\micro\kernels\softmax.cc">
      <Filter>Source Files</Filter>
    </ClCompile>
    <ClCompile Include="..\..\tensorflow\lite\micro\kernels\split.cc">
      <Filter>Source Files</Filter>
    </ClCompile>
    <ClCompile Include="..\..\tensorflow\lite\micro\kernels\strided_slice.cc">
      <Filter>Source Files</Filter>
    </ClCompile>
    <ClCompile Include="..\..\tensorflow\lite\micro\kernels\sub.cc">
      <Filter>Source Files</Filter>
    </ClCompile>
    <ClCompile Include="..\..\tensorflow\lite\micro\kernels\svdf.cc">
      <Filter>Source Files</Filter>
    </ClCompile>
    <ClCompile Include="..\..\tensorflow\lite\micro\kernels\tanh.cc">
      <Filter>Source Files</Filter>
    </ClCompile>
    <ClCompile Include="..\..\tensorflow\lite\micro\kernels\unpack.cc">
      <Filter>Source Files</Filter>
    </ClCompile>
    <ClCompile Include="..\..\tensorflow\lite\micro\memory_helpers.cc">
      <Filter>Source Files</Filter>
    </ClCompile>
    <ClCompile Include="..\..\tensorflow\lite\micro\memory_planner\greedy_memory_planner.cc">
      <Filter>Source Files</Filter>
    </ClCompile>
    <ClCompile Include="..\..\tensorflow\lite\micro\memory_planner\linear_memory_planner.cc">
      <Filter>Source Files</Filter>
    </ClCompile>
    <ClCompile Include="..\..\tensorflow\lite\micro\micro_allocator.cc">
      <Filter>Source Files</Filter>
    </ClCompile>
    <ClCompile Include="..\..\tensorflow\lite\micro\micro_error_reporter.cc">
      <Filter>Source Files</Filter>
    </ClCompile>
    <ClCompile Include="..\..\tensorflow\lite\micro\micro_interpreter.cc">
      <Filter>Source Files</Filter>
    </ClCompile>
    <ClCompile Include="..\..\tensorflow\lite\micro\micro_optional_debug_tools.cc">
      <Filter>Source Files</Filter>
    </ClCompile>
    <ClCompile Include="..\..\tensorflow\lite\micro\micro_profiler.cc">
      <Filter>Source Files</Filter>
    </ClCompile>
    <ClCompile Include="..\..\tensorflow\lite\micro\micro_string.cc">
      <Filter>Source Files</Filter>
    </ClCompile>
    <ClCompile Include="..\..\tensorflow\lite\micro\micro_time.cc">
      <Filter>Source Files</Filter>
    </ClCompile>
    <ClCompile Include="..\..\tensorflow\lite\micro\micro_utils.cc">
      <Filter>Source Files</Filter>
    </ClCompile>
    <ClCompile Include="..\..\tensorflow\lite\micro\recording_micro_allocator.cc">
      <Filter>Source Files</Filter>
    </ClCompile>
    <ClCompile Include="..\..\tensorflow\lite\micro\recording_simple_memory_allocator.cc">
      <Filter>Source Files</Filter>
    </ClCompile>
    <ClCompile Include="..\..\tensorflow\lite\micro\simple_memory_allocator.cc">
      <Filter>Source Files</Filter>
    </ClCompile>
    <ClCompile Include="..\..\tensorflow\lite\micro\test_helpers.cc">
      <Filter>Source Files</Filter>
    </ClCompile>
  </ItemGroup>
</Project>